
Microsoft Visual Studio Solution File, Format Version 12.00
# Visual Studio Version 17
VisualStudioVersion = 17.11.35327.3
MinimumVisualStudioVersion = 10.0.40219.1
Project("{9A19103F-16F7-4668-BE54-9A1E7A4F7556}") = "Sets Library", "Sets Library\Sets Library.csproj", "{79B1560C-9EC3-4649-B62B-54DCEEF2E5C5}"
EndProject
Project("{9A19103F-16F7-4668-BE54-9A1E7A4F7556}") = "SetsLibrary.Tests", "SetsLibrary.Tests\SetsLibrary.Tests.csproj", "{ED9166EF-1093-4F34-9F75-07D2190E0726}"
EndProject
Project("{2150E333-8FDC-42A3-9474-1A3956D46DE8}") = "Solution Items", "Solution Items", "{235983AB-A25C-46AD-A6E1-7F7691EF0474}"
	ProjectSection(SolutionItems) = preProject
		.editorconfig = .editorconfig
	EndProjectSection
EndProject
Global
	GlobalSection(SolutionConfigurationPlatforms) = preSolution
		Debug|Any CPU = Debug|Any CPU
		Release|Any CPU = Release|Any CPU
	EndGlobalSection
	GlobalSection(ProjectConfigurationPlatforms) = postSolution
		{79B1560C-9EC3-4649-B62B-54DCEEF2E5C5}.Debug|Any CPU.ActiveCfg = Debug|Any CPU
		{79B1560C-9EC3-4649-B62B-54DCEEF2E5C5}.Debug|Any CPU.Build.0 = Debug|Any CPU
		{79B1560C-9EC3-4649-B62B-54DCEEF2E5C5}.Release|Any CPU.ActiveCfg = Release|Any CPU
		{79B1560C-9EC3-4649-B62B-54DCEEF2E5C5}.Release|Any CPU.Build.0 = Release|Any CPU
		{ED9166EF-1093-4F34-9F75-07D2190E0726}.Debug|Any CPU.ActiveCfg = Debug|Any CPU
		{ED9166EF-1093-4F34-9F75-07D2190E0726}.Debug|Any CPU.Build.0 = Debug|Any CPU
		{ED9166EF-1093-4F34-9F75-07D2190E0726}.Release|Any CPU.ActiveCfg = Release|Any CPU
		{ED9166EF-1093-4F34-9F75-07D2190E0726}.Release|Any CPU.Build.0 = Release|Any CPU
	EndGlobalSection
	GlobalSection(SolutionProperties) = preSolution
		HideSolutionNode = FALSE
	EndGlobalSection
	GlobalSection(ExtensibilityGlobals) = postSolution
		SolutionGuid = {C43C8E12-919E-4A88-8968-1F29B8F1E3BB}
	EndGlobalSection
EndGlobal
